
Microsoft Visual Studio Solution File, Format Version 12.00
# Visual Studio Version 16
VisualStudioVersion = 16.0.31613.86
MinimumVisualStudioVersion = 10.0.40219.1
Project("{8BC9CEB8-8B4A-11D0-8D11-00A0C91BC942}") = "1.Truncated cone geometry", "1.Truncated cone geometry.vcxproj", "{C941B9B0-FDC5-4889-960F-066E22184281}"
EndProject
Global
	GlobalSection(SolutionConfigurationPlatforms) = preSolution
		Debug|x64 = Debug|x64
		Debug|x86 = Debug|x86
		Release|x64 = Release|x64
		Release|x86 = Release|x86
	EndGlobalSection
	GlobalSection(ProjectConfigurationPlatforms) = postSolution
		{C941B9B0-FDC5-4889-960F-066E22184281}.Debug|x64.ActiveCfg = Debug|x64
		{C941B9B0-FDC5-4889-960F-066E22184281}.Debug|x64.Build.0 = Debug|x64
		{C941B9B0-FDC5-4889-960F-066E22184281}.Debug|x86.ActiveCfg = Debug|Win32
		{C941B9B0-FDC5-4889-960F-066E22184281}.Debug|x86.Build.0 = Debug|Win32
		{C941B9B0-FDC5-4889-960F-066E22184281}.Release|x64.ActiveCfg = Release|x64
		{C941B9B0-FDC5-4889-960F-066E22184281}.Release|x64.Build.0 = Release|x64
		{C941B9B0-FDC5-4889-960F-066E22184281}.Release|x86.ActiveCfg = Release|Win32
		{C941B9B0-FDC5-4889-960F-066E22184281}.Release|x86.Build.0 = Release|Win32
	EndGlobalSection
	GlobalSection(SolutionProperties) = preSolution
		HideSolutionNode = FALSE
	EndGlobalSection
	GlobalSection(ExtensibilityGlobals) = postSolution
		SolutionGuid = {C60BA52F-881A-4ADF-954E-25CFC9821D7E}
	EndGlobalSection
EndGlobal
