
Microsoft Visual Studio Solution File, Format Version 12.00
# Visual Studio Version 16
VisualStudioVersion = 16.0.31613.86
MinimumVisualStudioVersion = 10.0.40219.1
Project("{8BC9CEB8-8B4A-11D0-8D11-00A0C91BC942}") = "4.Sequence", "4.Sequence.vcxproj", "{E82B72CE-5C33-41A9-A763-A585E4A011FD}"
EndProject
Global
	GlobalSection(SolutionConfigurationPlatforms) = preSolution
		Debug|x64 = Debug|x64
		Debug|x86 = Debug|x86
		Release|x64 = Release|x64
		Release|x86 = Release|x86
	EndGlobalSection
	GlobalSection(ProjectConfigurationPlatforms) = postSolution
		{E82B72CE-5C33-41A9-A763-A585E4A011FD}.Debug|x64.ActiveCfg = Debug|x64
		{E82B72CE-5C33-41A9-A763-A585E4A011FD}.Debug|x64.Build.0 = Debug|x64
		{E82B72CE-5C33-41A9-A763-A585E4A011FD}.Debug|x86.ActiveCfg = Debug|Win32
		{E82B72CE-5C33-41A9-A763-A585E4A011FD}.Debug|x86.Build.0 = Debug|Win32
		{E82B72CE-5C33-41A9-A763-A585E4A011FD}.Release|x64.ActiveCfg = Release|x64
		{E82B72CE-5C33-41A9-A763-A585E4A011FD}.Release|x64.Build.0 = Release|x64
		{E82B72CE-5C33-41A9-A763-A585E4A011FD}.Release|x86.ActiveCfg = Release|Win32
		{E82B72CE-5C33-41A9-A763-A585E4A011FD}.Release|x86.Build.0 = Release|Win32
	EndGlobalSection
	GlobalSection(SolutionProperties) = preSolution
		HideSolutionNode = FALSE
	EndGlobalSection
	GlobalSection(ExtensibilityGlobals) = postSolution
		SolutionGuid = {146E27CA-54C1-41F9-B97A-4F1894D178DC}
	EndGlobalSection
EndGlobal
